
Microsoft Visual Studio Solution File, Format Version 12.00
# Visual Studio Version 16
VisualStudioVersion = 16.0.31702.278
MinimumVisualStudioVersion = 10.0.40219.1
Project("{FAE04EC0-301F-11D3-BF4B-00C04F79EFBC}") = "PL", "lab3\PL.csproj", "{2FACA535-3DF5-441A-AE65-E1842D540D28}"
EndProject
Project("{FAE04EC0-301F-11D3-BF4B-00C04F79EFBC}") = "BLL", "BLL\BLL.csproj", "{6FE83B76-14DA-4CBE-B38D-F45AA14215FB}"
EndProject
Project("{FAE04EC0-301F-11D3-BF4B-00C04F79EFBC}") = "DAL", "DAL\DAL.csproj", "{77E1C6B6-D06E-4518-B98E-EF5F3EB991BA}"
EndProject
Global
	GlobalSection(SolutionConfigurationPlatforms) = preSolution
		Debug|Any CPU = Debug|Any CPU
		Release|Any CPU = Release|Any CPU
	EndGlobalSection
	GlobalSection(ProjectConfigurationPlatforms) = postSolution
		{2FACA535-3DF5-441A-AE65-E1842D540D28}.Debug|Any CPU.ActiveCfg = Debug|Any CPU
		{2FACA535-3DF5-441A-AE65-E1842D540D28}.Debug|Any CPU.Build.0 = Debug|Any CPU
		{2FACA535-3DF5-441A-AE65-E1842D540D28}.Release|Any CPU.ActiveCfg = Release|Any CPU
		{2FACA535-3DF5-441A-AE65-E1842D540D28}.Release|Any CPU.Build.0 = Release|Any CPU
		{6FE83B76-14DA-4CBE-B38D-F45AA14215FB}.Debug|Any CPU.ActiveCfg = Debug|Any CPU
		{6FE83B76-14DA-4CBE-B38D-F45AA14215FB}.Debug|Any CPU.Build.0 = Debug|Any CPU
		{6FE83B76-14DA-4CBE-B38D-F45AA14215FB}.Release|Any CPU.ActiveCfg = Release|Any CPU
		{6FE83B76-14DA-4CBE-B38D-F45AA14215FB}.Release|Any CPU.Build.0 = Release|Any CPU
		{77E1C6B6-D06E-4518-B98E-EF5F3EB991BA}.Debug|Any CPU.ActiveCfg = Debug|Any CPU
		{77E1C6B6-D06E-4518-B98E-EF5F3EB991BA}.Debug|Any CPU.Build.0 = Debug|Any CPU
		{77E1C6B6-D06E-4518-B98E-EF5F3EB991BA}.Release|Any CPU.ActiveCfg = Release|Any CPU
		{77E1C6B6-D06E-4518-B98E-EF5F3EB991BA}.Release|Any CPU.Build.0 = Release|Any CPU
	EndGlobalSection
	GlobalSection(SolutionProperties) = preSolution
		HideSolutionNode = FALSE
	EndGlobalSection
	GlobalSection(ExtensibilityGlobals) = postSolution
		SolutionGuid = {BB404FFF-1E27-4455-BA86-22B698AACE62}
	EndGlobalSection
EndGlobal
